
Microsoft Visual Studio Solution File, Format Version 12.00
# Visual Studio Version 17
VisualStudioVersion = 17.7.34221.43
MinimumVisualStudioVersion = 10.0.40219.1
Project("{FAE04EC0-301F-11D3-BF4B-00C04F79EFBC}") = "GPAXDemo.Android", "GPAXDemo.Android\GPAXDemo.Android.csproj", "{3D00BDB3-4C5E-4623-8FD7-CEEEA1575507}"
EndProject
Project("{FAE04EC0-301F-11D3-BF4B-00C04F79EFBC}") = "GPAXDemo", "GPAXDemo\GPAXDemo.csproj", "{FABA783B-F217-40C2-9296-F2059A95E9B1}"
EndProject
Global
	GlobalSection(SolutionConfigurationPlatforms) = preSolution
		Debug|Any CPU = Debug|Any CPU
		Release|Any CPU = Release|Any CPU
	EndGlobalSection
	GlobalSection(ProjectConfigurationPlatforms) = postSolution
		{3D00BDB3-4C5E-4623-8FD7-CEEEA1575507}.Debug|Any CPU.ActiveCfg = Debug|Any CPU
		{3D00BDB3-4C5E-4623-8FD7-CEEEA1575507}.Debug|Any CPU.Build.0 = Debug|Any CPU
		{3D00BDB3-4C5E-4623-8FD7-CEEEA1575507}.Debug|Any CPU.Deploy.0 = Debug|Any CPU
		{3D00BDB3-4C5E-4623-8FD7-CEEEA1575507}.Release|Any CPU.ActiveCfg = Release|Any CPU
		{3D00BDB3-4C5E-4623-8FD7-CEEEA1575507}.Release|Any CPU.Build.0 = Release|Any CPU
		{3D00BDB3-4C5E-4623-8FD7-CEEEA1575507}.Release|Any CPU.Deploy.0 = Release|Any CPU
		{FABA783B-F217-40C2-9296-F2059A95E9B1}.Debug|Any CPU.ActiveCfg = Debug|Any CPU
		{FABA783B-F217-40C2-9296-F2059A95E9B1}.Debug|Any CPU.Build.0 = Debug|Any CPU
		{FABA783B-F217-40C2-9296-F2059A95E9B1}.Debug|Any CPU.Deploy.0 = Debug|Any CPU
		{FABA783B-F217-40C2-9296-F2059A95E9B1}.Release|Any CPU.ActiveCfg = Release|Any CPU
		{FABA783B-F217-40C2-9296-F2059A95E9B1}.Release|Any CPU.Build.0 = Release|Any CPU
		{FABA783B-F217-40C2-9296-F2059A95E9B1}.Release|Any CPU.Deploy.0 = Release|Any CPU
	EndGlobalSection
	GlobalSection(SolutionProperties) = preSolution
		HideSolutionNode = FALSE
	EndGlobalSection
	GlobalSection(ExtensibilityGlobals) = postSolution
		SolutionGuid = {6691ACE0-CDB1-49A0-ABBD-1F15BF51F679}
	EndGlobalSection
EndGlobal
